// !$*UTF8*$!
{
	archiveVersion = 1;
	classes = {
	};
	objectVersion = 56;
	objects = {

/* Begin PBXBuildFile section */
		DBA557392C789BD000950649 /* AppDelegate.swift in Sources */ = {isa = PBXBuildFile; fileRef = DBA557382C789BD000950649 /* AppDelegate.swift */; };
		DBA5573B2C789BD000950649 /* SceneDelegate.swift in Sources */ = {isa = PBXBuildFile; fileRef = DBA5573A2C789BD000950649 /* SceneDelegate.swift */; };
		DBA5573D2C789BD000950649 /* AnaSayfaVC.swift in Sources */ = {isa = PBXBuildFile; fileRef = DBA5573C2C789BD000950649 /* AnaSayfaVC.swift */; };
		DBA557402C789BD000950649 /* Base in Resources */ = {isa = PBXBuildFile; fileRef = DBA5573F2C789BD000950649 /* Base */; };
		DBA557422C789BD200950649 /* Assets.xcassets in Resources */ = {isa = PBXBuildFile; fileRef = DBA557412C789BD200950649 /* Assets.xcassets */; };
		DBA557452C789BD200950649 /* Base in Resources */ = {isa = PBXBuildFile; fileRef = DBA557442C789BD200950649 /* Base */; };
		DBA557502C789BD200950649 /* CalismaYapisiTests.swift in Sources */ = {isa = PBXBuildFile; fileRef = DBA5574F2C789BD200950649 /* CalismaYapisiTests.swift */; };
		DBA5575A2C789BD200950649 /* CalismaYapisiUITests.swift in Sources */ = {isa = PBXBuildFile; fileRef = DBA557592C789BD200950649 /* CalismaYapisiUITests.swift */; };
		DBA5575C2C789BD200950649 /* CalismaYapisiUITestsLaunchTests.swift in Sources */ = {isa = PBXBuildFile; fileRef = DBA5575B2C789BD200950649 /* CalismaYapisiUITestsLaunchTests.swift */; };
		DBA557692C789C1D00950649 /* OyunEkraniVC.swift in Sources */ = {isa = PBXBuildFile; fileRef = DBA557682C789C1D00950649 /* OyunEkraniVC.swift */; };
		DBA5576B2C789C3500950649 /* SonucEkraniVC.swift in Sources */ = {isa = PBXBuildFile; fileRef = DBA5576A2C789C3500950649 /* SonucEkraniVC.swift */; };
		DBA5576D2C78DB0100950649 /* Kisiler.swift in Sources */ = {isa = PBXBuildFile; fileRef = DBA5576C2C78DB0100950649 /* Kisiler.swift */; };
/* End PBXBuildFile section */

/* Begin PBXContainerItemProxy section */
		DBA5574C2C789BD200950649 /* PBXContainerItemProxy */ = {
			isa = PBXContainerItemProxy;
			containerPortal = DBA5572D2C789BD000950649 /* Project object */;
			proxyType = 1;
			remoteGlobalIDString = DBA557342C789BD000950649;
			remoteInfo = CalismaYapisi;
		};
		DBA557562C789BD200950649 /* PBXContainerItemProxy */ = {
			isa = PBXContainerItemProxy;
			containerPortal = DBA5572D2C789BD000950649 /* Project object */;
			proxyType = 1;
			remoteGlobalIDString = DBA557342C789BD000950649;
			remoteInfo = CalismaYapisi;
		};
/* End PBXContainerItemProxy section */

/* Begin PBXFileReference section */
		DBA557352C789BD000950649 /* CalismaYapisi.app */ = {isa = PBXFileReference; explicitFileType = wrapper.application; includeInIndex = 0; path = CalismaYapisi.app; sourceTree = BUILT_PRODUCTS_DIR; };
		DBA557382C789BD000950649 /* AppDelegate.swift */ = {isa = PBXFileReference; lastKnownFileType = sourcecode.swift; path = AppDelegate.swift; sourceTree = "<group>"; };
		DBA5573A2C789BD000950649 /* SceneDelegate.swift */ = {isa = PBXFileReference; lastKnownFileType = sourcecode.swift; path = SceneDelegate.swift; sourceTree = "<group>"; };
		DBA5573C2C789BD000950649 /* AnaSayfaVC.swift */ = {isa = PBXFileReference; lastKnownFileType = sourcecode.swift; path = AnaSayfaVC.swift; sourceTree = "<group>"; };
		DBA5573F2C789BD000950649 /* Base */ = {isa = PBXFileReference; lastKnownFileType = file.storyboard; name = Base; path = Base.lproj/Main.storyboard; sourceTree = "<group>"; };
		DBA557412C789BD200950649 /* Assets.xcassets */ = {isa = PBXFileReference; lastKnownFileType = folder.assetcatalog; path = Assets.xcassets; sourceTree = "<group>"; };
		DBA557442C789BD200950649 /* Base */ = {isa = PBXFileReference; lastKnownFileType = file.storyboard; name = Base; path = Base.lproj/LaunchScreen.storyboard; sourceTree = "<group>"; };
		DBA557462C789BD200950649 /* Info.plist */ = {isa = PBXFileReference; lastKnownFileType = text.plist.xml; path = Info.plist; sourceTree = "<group>"; };
		DBA5574B2C789BD200950649 /* CalismaYapisiTests.xctest */ = {isa = PBXFileReference; explicitFileType = wrapper.cfbundle; includeInIndex = 0; path = CalismaYapisiTests.xctest; sourceTree = BUILT_PRODUCTS_DIR; };
		DBA5574F2C789BD200950649 /* CalismaYapisiTests.swift */ = {isa = PBXFileReference; lastKnownFileType = sourcecode.swift; path = CalismaYapisiTests.swift; sourceTree = "<group>"; };
		DBA557552C789BD200950649 /* CalismaYapisiUITests.xctest */ = {isa = PBXFileReference; explicitFileType = wrapper.cfbundle; includeInIndex = 0; path = CalismaYapisiUITests.xctest; sourceTree = BUILT_PRODUCTS_DIR; };
		DBA557592C789BD200950649 /* CalismaYapisiUITests.swift */ = {isa = PBXFileReference; lastKnownFileType = sourcecode.swift; path = CalismaYapisiUITests.swift; sourceTree = "<group>"; };
		DBA5575B2C789BD200950649 /* CalismaYapisiUITestsLaunchTests.swift */ = {isa = PBXFileReference; lastKnownFileType = sourcecode.swift; path = CalismaYapisiUITestsLaunchTests.swift; sourceTree = "<group>"; };
		DBA557682C789C1D00950649 /* OyunEkraniVC.swift */ = {isa = PBXFileReference; lastKnownFileType = sourcecode.swift; path = OyunEkraniVC.swift; sourceTree = "<group>"; };
		DBA5576A2C789C3500950649 /* SonucEkraniVC.swift */ = {isa = PBXFileReference; lastKnownFileType = sourcecode.swift; path = SonucEkraniVC.swift; sourceTree = "<group>"; };
		DBA5576C2C78DB0100950649 /* Kisiler.swift */ = {isa = PBXFileReference; lastKnownFileType = sourcecode.swift; path = Kisiler.swift; sourceTree = "<group>"; };
/* End PBXFileReference section */

/* Begin PBXFrameworksBuildPhase section */
		DBA557322C789BD000950649 /* Frameworks */ = {
			isa = PBXFrameworksBuildPhase;
			buildActionMask = 2147483647;
			files = (
			);
			runOnlyForDeploymentPostprocessing = 0;
		};
		DBA557482C789BD200950649 /* Frameworks */ = {
			isa = PBXFrameworksBuildPhase;
			buildActionMask = 2147483647;
			files = (
			);
			runOnlyForDeploymentPostprocessing = 0;
		};
		DBA557522C789BD200950649 /* Frameworks */ = {
			isa = PBXFrameworksBuildPhase;
			buildActionMask = 2147483647;
			files = (
			);
			runOnlyForDeploymentPostprocessing = 0;
		};
/* End PBXFrameworksBuildPhase section */

/* Begin PBXGroup section */
		DBA5572C2C789BCF00950649 = {
			isa = PBXGroup;
			children = (
				DBA557372C789BD000950649 /* CalismaYapisi */,
				DBA5574E2C789BD200950649 /* CalismaYapisiTests */,
				DBA557582C789BD200950649 /* CalismaYapisiUITests */,
				DBA557362C789BD000950649 /* Products */,
			);
			sourceTree = "<group>";
		};
		DBA557362C789BD000950649 /* Products */ = {
			isa = PBXGroup;
			children = (
				DBA557352C789BD000950649 /* CalismaYapisi.app */,
				DBA5574B2C789BD200950649 /* CalismaYapisiTests.xctest */,
				DBA557552C789BD200950649 /* CalismaYapisiUITests.xctest */,
			);
			name = Products;
			sourceTree = "<group>";
		};
		DBA557372C789BD000950649 /* CalismaYapisi */ = {
			isa = PBXGroup;
			children = (
				DBA557382C789BD000950649 /* AppDelegate.swift */,
				DBA5573A2C789BD000950649 /* SceneDelegate.swift */,
				DBA5573C2C789BD000950649 /* AnaSayfaVC.swift */,
				DBA557682C789C1D00950649 /* OyunEkraniVC.swift */,
				DBA5576A2C789C3500950649 /* SonucEkraniVC.swift */,
				DBA5576C2C78DB0100950649 /* Kisiler.swift */,
				DBA5573E2C789BD000950649 /* Main.storyboard */,
				DBA557412C789BD200950649 /* Assets.xcassets */,
				DBA557432C789BD200950649 /* LaunchScreen.storyboard */,
				DBA557462C789BD200950649 /* Info.plist */,
			);
			path = CalismaYapisi;
			sourceTree = "<group>";
		};
		DBA5574E2C789BD200950649 /* CalismaYapisiTests */ = {
			isa = PBXGroup;
			children = (
				DBA5574F2C789BD200950649 /* CalismaYapisiTests.swift */,
			);
			path = CalismaYapisiTests;
			sourceTree = "<group>";
		};
		DBA557582C789BD200950649 /* CalismaYapisiUITests */ = {
			isa = PBXGroup;
			children = (
				DBA557592C789BD200950649 /* CalismaYapisiUITests.swift */,
				DBA5575B2C789BD200950649 /* CalismaYapisiUITestsLaunchTests.swift */,
			);
			path = CalismaYapisiUITests;
			sourceTree = "<group>";
		};
/* End PBXGroup section */

/* Begin PBXNativeTarget section */
		DBA557342C789BD000950649 /* CalismaYapisi */ = {
			isa = PBXNativeTarget;
			buildConfigurationList = DBA5575F2C789BD200950649 /* Build configuration list for PBXNativeTarget "CalismaYapisi" */;
			buildPhases = (
				DBA557312C789BD000950649 /* Sources */,
				DBA557322C789BD000950649 /* Frameworks */,
				DBA557332C789BD000950649 /* Resources */,
			);
			buildRules = (
			);
			dependencies = (
			);
			name = CalismaYapisi;
			productName = CalismaYapisi;
			productReference = DBA557352C789BD000950649 /* CalismaYapisi.app */;
			productType = "com.apple.product-type.application";
		};
		DBA5574A2C789BD200950649 /* CalismaYapisiTests */ = {
			isa = PBXNativeTarget;
			buildConfigurationList = DBA557622C789BD200950649 /* Build configuration list for PBXNativeTarget "CalismaYapisiTests" */;
			buildPhases = (
				DBA557472C789BD200950649 /* Sources */,
				DBA557482C789BD200950649 /* Frameworks */,
				DBA557492C789BD200950649 /* Resources */,
			);
			buildRules = (
			);
			dependencies = (
				DBA5574D2C789BD200950649 /* PBXTargetDependency */,
			);
			name = CalismaYapisiTests;
			productName = CalismaYapisiTests;
			productReference = DBA5574B2C789BD200950649 /* CalismaYapisiTests.xctest */;
			productType = "com.apple.product-type.bundle.unit-test";
		};
		DBA557542C789BD200950649 /* CalismaYapisiUITests */ = {
			isa = PBXNativeTarget;
			buildConfigurationList = DBA557652C789BD200950649 /* Build configuration list for PBXNativeTarget "CalismaYapisiUITests" */;
			buildPhases = (
				DBA557512C789BD200950649 /* Sources */,
				DBA557522C789BD200950649 /* Frameworks */,
				DBA557532C789BD200950649 /* Resources */,
			);
			buildRules = (
			);
			dependencies = (
				DBA557572C789BD200950649 /* PBXTargetDependency */,
			);
			name = CalismaYapisiUITests;
			productName = CalismaYapisiUITests;
			productReference = DBA557552C789BD200950649 /* CalismaYapisiUITests.xctest */;
			productType = "com.apple.product-type.bundle.ui-testing";
		};
/* End PBXNativeTarget section */

/* Begin PBXProject section */
		DBA5572D2C789BD000950649 /* Project object */ = {
			isa = PBXProject;
			attributes = {
				BuildIndependentTargetsInParallel = 1;
				LastSwiftUpdateCheck = 1540;
				LastUpgradeCheck = 1540;
				TargetAttributes = {
					DBA557342C789BD000950649 = {
						CreatedOnToolsVersion = 15.4;
					};
					DBA5574A2C789BD200950649 = {
						CreatedOnToolsVersion = 15.4;
						TestTargetID = DBA557342C789BD000950649;
					};
					DBA557542C789BD200950649 = {
						CreatedOnToolsVersion = 15.4;
						TestTargetID = DBA557342C789BD000950649;
					};
				};
			};
			buildConfigurationList = DBA557302C789BD000950649 /* Build configuration list for PBXProject "CalismaYapisi" */;
			compatibilityVersion = "Xcode 14.0";
			developmentRegion = en;
			hasScannedForEncodings = 0;
			knownRegions = (
				en,
				Base,
			);
			mainGroup = DBA5572C2C789BCF00950649;
			productRefGroup = DBA557362C789BD000950649 /* Products */;
			projectDirPath = "";
			projectRoot = "";
			targets = (
				DBA557342C789BD000950649 /* CalismaYapisi */,
				DBA5574A2C789BD200950649 /* CalismaYapisiTests */,
				DBA557542C789BD200950649 /* CalismaYapisiUITests */,
			);
		};
/* End PBXProject section */

/* Begin PBXResourcesBuildPhase section */
		DBA557332C789BD000950649 /* Resources */ = {
			isa = PBXResourcesBuildPhase;
			buildActionMask = 2147483647;
			files = (
				DBA557422C789BD200950649 /* Assets.xcassets in Resources */,
				DBA557452C789BD200950649 /* Base in Resources */,
				DBA557402C789BD000950649 /* Base in Resources */,
			);
			runOnlyForDeploymentPostprocessing = 0;
		};
		DBA557492C789BD200950649 /* Resources */ = {
			isa = PBXResourcesBuildPhase;
			buildActionMask = 2147483647;
			files = (
			);
			runOnlyForDeploymentPostprocessing = 0;
		};
		DBA557532C789BD200950649 /* Resources */ = {
			isa = PBXResourcesBuildPhase;
			buildActionMask = 2147483647;
			files = (
			);
			runOnlyForDeploymentPostprocessing = 0;
		};
/* End PBXResourcesBuildPhase section */

/* Begin PBXSourcesBuildPhase section */
		DBA557312C789BD000950649 /* Sources */ = {
			isa = PBXSourcesBuildPhase;
			buildActionMask = 2147483647;
			files = (
				DBA5576B2C789C3500950649 /* SonucEkraniVC.swift in Sources */,
				DBA5573D2C789BD000950649 /* AnaSayfaVC.swift in Sources */,
				DBA557392C789BD000950649 /* AppDelegate.swift in Sources */,
				DBA5573B2C789BD000950649 /* SceneDelegate.swift in Sources */,
				DBA557692C789C1D00950649 /* OyunEkraniVC.swift in Sources */,
				DBA5576D2C78DB0100950649 /* Kisiler.swift in Sources */,
			);
			runOnlyForDeploymentPostprocessing = 0;
		};
		DBA557472C789BD200950649 /* Sources */ = {
			isa = PBXSourcesBuildPhase;
			buildActionMask = 2147483647;
			files = (
				DBA557502C789BD200950649 /* CalismaYapisiTests.swift in Sources */,
			);
			runOnlyForDeploymentPostprocessing = 0;
		};
		DBA557512C789BD200950649 /* Sources */ = {
			isa = PBXSourcesBuildPhase;
			buildActionMask = 2147483647;
			files = (
				DBA5575C2C789BD200950649 /* CalismaYapisiUITestsLaunchTests.swift in Sources */,
				DBA5575A2C789BD200950649 /* CalismaYapisiUITests.swift in Sources */,
			);
			runOnlyForDeploymentPostprocessing = 0;
		};
/* End PBXSourcesBuildPhase section */

/* Begin PBXTargetDependency section */
		DBA5574D2C789BD200950649 /* PBXTargetDependency */ = {
			isa = PBXTargetDependency;
			target = DBA557342C789BD000950649 /* CalismaYapisi */;
			targetProxy = DBA5574C2C789BD200950649 /* PBXContainerItemProxy */;
		};
		DBA557572C789BD200950649 /* PBXTargetDependency */ = {
			isa = PBXTargetDependency;
			target = DBA557342C789BD000950649 /* CalismaYapisi */;
			targetProxy = DBA557562C789BD200950649 /* PBXContainerItemProxy */;
		};
/* End PBXTargetDependency section */

/* Begin PBXVariantGroup section */
		DBA5573E2C789BD000950649 /* Main.storyboard */ = {
			isa = PBXVariantGroup;
			children = (
				DBA5573F2C789BD000950649 /* Base */,
			);
			name = Main.storyboard;
			sourceTree = "<group>";
		};
		DBA557432C789BD200950649 /* LaunchScreen.storyboard */ = {
			isa = PBXVariantGroup;
			children = (
				DBA557442C789BD200950649 /* Base */,
			);
			name = LaunchScreen.storyboard;
			sourceTree = "<group>";
		};
/* End PBXVariantGroup section */

/* Begin XCBuildConfiguration section */
		DBA5575D2C789BD200950649 /* Debug */ = {
			isa = XCBuildConfiguration;
			buildSettings = {
				ALWAYS_SEARCH_USER_PATHS = NO;
				ASSETCATALOG_COMPILER_GENERATE_SWIFT_ASSET_SYMBOL_EXTENSIONS = YES;
				CLANG_ANALYZER_NONNULL = YES;
				CLANG_ANALYZER_NUMBER_OBJECT_CONVERSION = YES_AGGRESSIVE;
				CLANG_CXX_LANGUAGE_STANDARD = "gnu++20";
				CLANG_ENABLE_MODULES = YES;
				CLANG_ENABLE_OBJC_ARC = YES;
				CLANG_ENABLE_OBJC_WEAK = YES;
				CLANG_WARN_BLOCK_CAPTURE_AUTORELEASING = YES;
				CLANG_WARN_BOOL_CONVERSION = YES;
				CLANG_WARN_COMMA = YES;
				CLANG_WARN_CONSTANT_CONVERSION = YES;
				CLANG_WARN_DEPRECATED_OBJC_IMPLEMENTATIONS = YES;
				CLANG_WARN_DIRECT_OBJC_ISA_USAGE = YES_ERROR;
				CLANG_WARN_DOCUMENTATION_COMMENTS = YES;
				CLANG_WARN_EMPTY_BODY = YES;
				CLANG_WARN_ENUM_CONVERSION = YES;
				CLANG_WARN_INFINITE_RECURSION = YES;
				CLANG_WARN_INT_CONVERSION = YES;
				CLANG_WARN_NON_LITERAL_NULL_CONVERSION = YES;
				CLANG_WARN_OBJC_IMPLICIT_RETAIN_SELF = YES;
				CLANG_WARN_OBJC_LITERAL_CONVERSION = YES;
				CLANG_WARN_OBJC_ROOT_CLASS = YES_ERROR;
				CLANG_WARN_QUOTED_INCLUDE_IN_FRAMEWORK_HEADER = YES;
				CLANG_WARN_RANGE_LOOP_ANALYSIS = YES;
				CLANG_WARN_STRICT_PROTOTYPES = YES;
				CLANG_WARN_SUSPICIOUS_MOVE = YES;
				CLANG_WARN_UNGUARDED_AVAILABILITY = YES_AGGRESSIVE;
				CLANG_WARN_UNREACHABLE_CODE = YES;
				CLANG_WARN__DUPLICATE_METHOD_MATCH = YES;
				COPY_PHASE_STRIP = NO;
				DEBUG_INFORMATION_FORMAT = dwarf;
				ENABLE_STRICT_OBJC_MSGSEND = YES;
				ENABLE_TESTABILITY = YES;
				ENABLE_USER_SCRIPT_SANDBOXING = YES;
				GCC_C_LANGUAGE_STANDARD = gnu17;
				GCC_DYNAMIC_NO_PIC = NO;
				GCC_NO_COMMON_BLOCKS = YES;
				GCC_OPTIMIZATION_LEVEL = 0;
				GCC_PREPROCESSOR_DEFINITIONS = (
					"DEBUG=1",
					"$(inherited)",
				);
				GCC_WARN_64_TO_32_BIT_CONVERSION = YES;
				GCC_WARN_ABOUT_RETURN_TYPE = YES_ERROR;
				GCC_WARN_UNDECLARED_SELECTOR = YES;
				GCC_WARN_UNINITIALIZED_AUTOS = YES_AGGRESSIVE;
				GCC_WARN_UNUSED_FUNCTION = YES;
				GCC_WARN_UNUSED_VARIABLE = YES;
				IPHONEOS_DEPLOYMENT_TARGET = 17.5;
				LOCALIZATION_PREFERS_STRING_CATALOGS = YES;
				MTL_ENABLE_DEBUG_INFO = INCLUDE_SOURCE;
				MTL_FAST_MATH = YES;
				ONLY_ACTIVE_ARCH = YES;
				SDKROOT = iphoneos;
				SWIFT_ACTIVE_COMPILATION_CONDITIONS = "DEBUG $(inherited)";
				SWIFT_OPTIMIZATION_LEVEL = "-Onone";
			};
			name = Debug;
		};
		DBA5575E2C789BD200950649 /* Release */ = {
			isa = XCBuildConfiguration;
			buildSettings = {
				ALWAYS_SEARCH_USER_PATHS = NO;
				ASSETCATALOG_COMPILER_GENERATE_SWIFT_ASSET_SYMBOL_EXTENSIONS = YES;
				CLANG_ANALYZER_NONNULL = YES;
				CLANG_ANALYZER_NUMBER_OBJECT_CONVERSION = YES_AGGRESSIVE;
				CLANG_CXX_LANGUAGE_STANDARD = "gnu++20";
				CLANG_ENABLE_MODULES = YES;
				CLANG_ENABLE_OBJC_ARC = YES;
				CLANG_ENABLE_OBJC_WEAK = YES;
				CLANG_WARN_BLOCK_CAPTURE_AUTORELEASING = YES;
				CLANG_WARN_BOOL_CONVERSION = YES;
				CLANG_WARN_COMMA = YES;
				CLANG_WARN_CONSTANT_CONVERSION = YES;
				CLANG_WARN_DEPRECATED_OBJC_IMPLEMENTATIONS = YES;
				CLANG_WARN_DIRECT_OBJC_ISA_USAGE = YES_ERROR;
				CLANG_WARN_DOCUMENTATION_COMMENTS = YES;
				CLANG_WARN_EMPTY_BODY = YES;
				CLANG_WARN_ENUM_CONVERSION = YES;
				CLANG_WARN_INFINITE_RECURSION = YES;
				CLANG_WARN_INT_CONVERSION = YES;
				CLANG_WARN_NON_LITERAL_NULL_CONVERSION = YES;
				CLANG_WARN_OBJC_IMPLICIT_RETAIN_SELF = YES;
				CLANG_WARN_OBJC_LITERAL_CONVERSION = YES;
				CLANG_WARN_OBJC_ROOT_CLASS = YES_ERROR;
				CLANG_WARN_QUOTED_INCLUDE_IN_FRAMEWORK_HEADER = YES;
				CLANG_WARN_RANGE_LOOP_ANALYSIS = YES;
				CLANG_WARN_STRICT_PROTOTYPES = YES;
				CLANG_WARN_SUSPICIOUS_MOVE = YES;
				CLANG_WARN_UNGUARDED_AVAILABILITY = YES_AGGRESSIVE;
				CLANG_WARN_UNREACHABLE_CODE = YES;
				CLANG_WARN__DUPLICATE_METHOD_MATCH = YES;
				COPY_PHASE_STRIP = NO;
				DEBUG_INFORMATION_FORMAT = "dwarf-with-dsym";
				ENABLE_NS_ASSERTIONS = NO;
				ENABLE_STRICT_OBJC_MSGSEND = YES;
				ENABLE_USER_SCRIPT_SANDBOXING = YES;
				GCC_C_LANGUAGE_STANDARD = gnu17;
				GCC_NO_COMMON_BLOCKS = YES;
				GCC_WARN_64_TO_32_BIT_CONVERSION = YES;
				GCC_WARN_ABOUT_RETURN_TYPE = YES_ERROR;
				GCC_WARN_UNDECLARED_SELECTOR = YES;
				GCC_WARN_UNINITIALIZED_AUTOS = YES_AGGRESSIVE;
				GCC_WARN_UNUSED_FUNCTION = YES;
				GCC_WARN_UNUSED_VARIABLE = YES;
				IPHONEOS_DEPLOYMENT_TARGET = 17.5;
				LOCALIZATION_PREFERS_STRING_CATALOGS = YES;
				MTL_ENABLE_DEBUG_INFO = NO;
				MTL_FAST_MATH = YES;
				SDKROOT = iphoneos;
				SWIFT_COMPILATION_MODE = wholemodule;
				VALIDATE_PRODUCT = YES;
			};
			name = Release;
		};
		DBA557602C789BD200950649 /* Debug */ = {
			isa = XCBuildConfiguration;
			buildSettings = {
				ASSETCATALOG_COMPILER_APPICON_NAME = AppIcon;
				ASSETCATALOG_COMPILER_GLOBAL_ACCENT_COLOR_NAME = AccentColor;
				CODE_SIGN_STYLE = Automatic;
				CURRENT_PROJECT_VERSION = 1;
				DEVELOPMENT_TEAM = C5VPU46GPA;
				GENERATE_INFOPLIST_FILE = YES;
				INFOPLIST_FILE = CalismaYapisi/Info.plist;
				INFOPLIST_KEY_UIApplicationSupportsIndirectInputEvents = YES;
				INFOPLIST_KEY_UILaunchStoryboardName = LaunchScreen;
				INFOPLIST_KEY_UIMainStoryboardFile = Main;
				INFOPLIST_KEY_UISupportedInterfaceOrientations_iPad = "UIInterfaceOrientationPortrait UIInterfaceOrientationPortraitUpsideDown UIInterfaceOrientationLandscapeLeft UIInterfaceOrientationLandscapeRight";
				INFOPLIST_KEY_UISupportedInterfaceOrientations_iPhone = "UIInterfaceOrientationPortrait UIInterfaceOrientationLandscapeLeft UIInterfaceOrientationLandscapeRight";
				LD_RUNPATH_SEARCH_PATHS = (
					"$(inherited)",
					"@executable_path/Frameworks",
				);
				MARKETING_VERSION = 1.0;
				PRODUCT_BUNDLE_IDENTIFIER = com.hilalavcu.CalismaYapisi;
				PRODUCT_NAME = "$(TARGET_NAME)";
				SWIFT_EMIT_LOC_STRINGS = YES;
				SWIFT_VERSION = 5.0;
				TARGETED_DEVICE_FAMILY = "1,2";
			};
			name = Debug;
		};
		DBA557612C789BD200950649 /* Release */ = {
			isa = XCBuildConfiguration;
			buildSettings = {
				ASSETCATALOG_COMPILER_APPICON_NAME = AppIcon;
				ASSETCATALOG_COMPILER_GLOBAL_ACCENT_COLOR_NAME = AccentColor;
				CODE_SIGN_STYLE = Automatic;
				CURRENT_PROJECT_VERSION = 1;
				DEVELOPMENT_TEAM = C5VPU46GPA;
				GENERATE_INFOPLIST_FILE = YES;
				INFOPLIST_FILE = CalismaYapisi/Info.plist;
				INFOPLIST_KEY_UIApplicationSupportsIndirectInputEvents = YES;
				INFOPLIST_KEY_UILaunchStoryboardName = LaunchScreen;
				INFOPLIST_KEY_UIMainStoryboardFile = Main;
				INFOPLIST_KEY_UISupportedInterfaceOrientations_iPad = "UIInterfaceOrientationPortrait UIInterfaceOrientationPortraitUpsideDown UIInterfaceOrientationLandscapeLeft UIInterfaceOrientationLandscapeRight";
				INFOPLIST_KEY_UISupportedInterfaceOrientations_iPhone = "UIInterfaceOrientationPortrait UIInterfaceOrientationLandscapeLeft UIInterfaceOrientationLandscapeRight";
				LD_RUNPATH_SEARCH_PATHS = (
					"$(inherited)",
					"@executable_path/Frameworks",
				);
				MARKETING_VERSION = 1.0;
				PRODUCT_BUNDLE_IDENTIFIER = com.hilalavcu.CalismaYapisi;
				PRODUCT_NAME = "$(TARGET_NAME)";
				SWIFT_EMIT_LOC_STRINGS = YES;
				SWIFT_VERSION = 5.0;
				TARGETED_DEVICE_FAMILY = "1,2";
			};
			name = Release;
		};
		DBA557632C789BD200950649 /* Debug */ = {
			isa = XCBuildConfiguration;
			buildSettings = {
				ALWAYS_EMBED_SWIFT_STANDARD_LIBRARIES = YES;
				BUNDLE_LOADER = "$(TEST_HOST)";
				CODE_SIGN_STYLE = Automatic;
				CURRENT_PROJECT_VERSION = 1;
				DEVELOPMENT_TEAM = C5VPU46GPA;
				GENERATE_INFOPLIST_FILE = YES;
				IPHONEOS_DEPLOYMENT_TARGET = 17.5;
				MARKETING_VERSION = 1.0;
				PRODUCT_BUNDLE_IDENTIFIER = com.hilalavcu.CalismaYapisiTests;
				PRODUCT_NAME = "$(TARGET_NAME)";
				SWIFT_EMIT_LOC_STRINGS = NO;
				SWIFT_VERSION = 5.0;
				TARGETED_DEVICE_FAMILY = "1,2";
				TEST_HOST = "$(BUILT_PRODUCTS_DIR)/CalismaYapisi.app/$(BUNDLE_EXECUTABLE_FOLDER_PATH)/CalismaYapisi";
			};
			name = Debug;
		};
		DBA557642C789BD200950649 /* Release */ = {
			isa = XCBuildConfiguration;
			buildSettings = {
				ALWAYS_EMBED_SWIFT_STANDARD_LIBRARIES = YES;
				BUNDLE_LOADER = "$(TEST_HOST)";
				CODE_SIGN_STYLE = Automatic;
				CURRENT_PROJECT_VERSION = 1;
				DEVELOPMENT_TEAM = C5VPU46GPA;
				GENERATE_INFOPLIST_FILE = YES;
				IPHONEOS_DEPLOYMENT_TARGET = 17.5;
				MARKETING_VERSION = 1.0;
				PRODUCT_BUNDLE_IDENTIFIER = com.hilalavcu.CalismaYapisiTests;
				PRODUCT_NAME = "$(TARGET_NAME)";
				SWIFT_EMIT_LOC_STRINGS = NO;
				SWIFT_VERSION = 5.0;
				TARGETED_DEVICE_FAMILY = "1,2";
				TEST_HOST = "$(BUILT_PRODUCTS_DIR)/CalismaYapisi.app/$(BUNDLE_EXECUTABLE_FOLDER_PATH)/CalismaYapisi";
			};
			name = Release;
		};
		DBA557662C789BD200950649 /* Debug */ = {
			isa = XCBuildConfiguration;
			buildSettings = {
				ALWAYS_EMBED_SWIFT_STANDARD_LIBRARIES = YES;
				CODE_SIGN_STYLE = Automatic;
				CURRENT_PROJECT_VERSION = 1;
				DEVELOPMENT_TEAM = C5VPU46GPA;
				GENERATE_INFOPLIST_FILE = YES;
				MARKETING_VERSION = 1.0;
				PRODUCT_BUNDLE_IDENTIFIER = com.hilalavcu.CalismaYapisiUITests;
				PRODUCT_NAME = "$(TARGET_NAME)";
				SWIFT_EMIT_LOC_STRINGS = NO;
				SWIFT_VERSION = 5.0;
				TARGETED_DEVICE_FAMILY = "1,2";
				TEST_TARGET_NAME = CalismaYapisi;
			};
			name = Debug;
		};
		DBA557672C789BD200950649 /* Release */ = {
			isa = XCBuildConfiguration;
			buildSettings = {
				ALWAYS_EMBED_SWIFT_STANDARD_LIBRARIES = YES;
				CODE_SIGN_STYLE = Automatic;
				CURRENT_PROJECT_VERSION = 1;
				DEVELOPMENT_TEAM = C5VPU46GPA;
				GENERATE_INFOPLIST_FILE = YES;
				MARKETING_VERSION = 1.0;
				PRODUCT_BUNDLE_IDENTIFIER = com.hilalavcu.CalismaYapisiUITests;
				PRODUCT_NAME = "$(TARGET_NAME)";
				SWIFT_EMIT_LOC_STRINGS = NO;
				SWIFT_VERSION = 5.0;
				TARGETED_DEVICE_FAMILY = "1,2";
				TEST_TARGET_NAME = CalismaYapisi;
			};
			name = Release;
		};
/* End XCBuildConfiguration section */

/* Begin XCConfigurationList section */
		DBA557302C789BD000950649 /* Build configuration list for PBXProject "CalismaYapisi" */ = {
			isa = XCConfigurationList;
			buildConfigurations = (
				DBA5575D2C789BD200950649 /* Debug */,
				DBA5575E2C789BD200950649 /* Release */,
			);
			defaultConfigurationIsVisible = 0;
			defaultConfigurationName = Release;
		};
		DBA5575F2C789BD200950649 /* Build configuration list for PBXNativeTarget "CalismaYapisi" */ = {
			isa = XCConfigurationList;
			buildConfigurations = (
				DBA557602C789BD200950649 /* Debug */,
				DBA557612C789BD200950649 /* Release */,
			);
			defaultConfigurationIsVisible = 0;
			defaultConfigurationName = Release;
		};
		DBA557622C789BD200950649 /* Build configuration list for PBXNativeTarget "CalismaYapisiTests" */ = {
			isa = XCConfigurationList;
			buildConfigurations = (
				DBA557632C789BD200950649 /* Debug */,
				DBA557642C789BD200950649 /* Release */,
			);
			defaultConfigurationIsVisible = 0;
			defaultConfigurationName = Release;
		};
		DBA557652C789BD200950649 /* Build configuration list for PBXNativeTarget "CalismaYapisiUITests" */ = {
			isa = XCConfigurationList;
			buildConfigurations = (
				DBA557662C789BD200950649 /* Debug */,
				DBA557672C789BD200950649 /* Release */,
			);
			defaultConfigurationIsVisible = 0;
			defaultConfigurationName = Release;
		};
/* End XCConfigurationList section */
	};
	rootObject = DBA5572D2C789BD000950649 /* Project object */;
}
